// !$*UTF8*$!
{
	archiveVersion = 1;
	classes = {
	};
	objectVersion = 50;
	objects = {

/* Begin PBXBuildFile section */
		799D06C3258F7BAA00A0AEBD /* start.txt in Resources */ = {isa = PBXBuildFile; fileRef = 799D06C2258F7BAA00A0AEBD /* start.txt */; };
		79CB762D258BA55200CDE4AD /* WordScrambleApp.swift in Sources */ = {isa = PBXBuildFile; fileRef = 79CB762C258BA55200CDE4AD /* WordScrambleApp.swift */; };
		79CB762F258BA55200CDE4AD /* ContentView.swift in Sources */ = {isa = PBXBuildFile; fileRef = 79CB762E258BA55200CDE4AD /* ContentView.swift */; };
		79CB7631258BA55400CDE4AD /* Assets.xcassets in Resources */ = {isa = PBXBuildFile; fileRef = 79CB7630258BA55400CDE4AD /* Assets.xcassets */; };
		79CB7634258BA55400CDE4AD /* Preview Assets.xcassets in Resources */ = {isa = PBXBuildFile; fileRef = 79CB7633258BA55400CDE4AD /* Preview Assets.xcassets */; };
/* End PBXBuildFile section */

/* Begin PBXFileReference section */
		799D06C2258F7BAA00A0AEBD /* start.txt */ = {isa = PBXFileReference; fileEncoding = 4; lastKnownFileType = text; path = start.txt; sourceTree = "<group>"; };
		79CB7629258BA55200CDE4AD /* WordScramble.app */ = {isa = PBXFileReference; explicitFileType = wrapper.application; includeInIndex = 0; path = WordScramble.app; sourceTree = BUILT_PRODUCTS_DIR; };
		79CB762C258BA55200CDE4AD /* WordScrambleApp.swift */ = {isa = PBXFileReference; lastKnownFileType = sourcecode.swift; path = WordScrambleApp.swift; sourceTree = "<group>"; };
		79CB762E258BA55200CDE4AD /* ContentView.swift */ = {isa = PBXFileReference; lastKnownFileType = sourcecode.swift; path = ContentView.swift; sourceTree = "<group>"; };
		79CB7630258BA55400CDE4AD /* Assets.xcassets */ = {isa = PBXFileReference; lastKnownFileType = folder.assetcatalog; path = Assets.xcassets; sourceTree = "<group>"; };
		79CB7633258BA55400CDE4AD /* Preview Assets.xcassets */ = {isa = PBXFileReference; lastKnownFileType = folder.assetcatalog; path = "Preview Assets.xcassets"; sourceTree = "<group>"; };
		79CB7635258BA55400CDE4AD /* Info.plist */ = {isa = PBXFileReference; lastKnownFileType = text.plist.xml; path = Info.plist; sourceTree = "<group>"; };
/* End PBXFileReference section */

/* Begin PBXFrameworksBuildPhase section */
		79CB7626258BA55200CDE4AD /* Frameworks */ = {
			isa = PBXFrameworksBuildPhase;
			buildActionMask = 2147483647;
			files = (
			);
			runOnlyForDeploymentPostprocessing = 0;
		};
/* End PBXFrameworksBuildPhase section */

/* Begin PBXGroup section */
		79CB7620258BA55200CDE4AD = {
			isa = PBXGroup;
			children = (
				79CB762B258BA55200CDE4AD /* WordScramble */,
				79CB762A258BA55200CDE4AD /* Products */,
			);
			sourceTree = "<group>";
		};
		79CB762A258BA55200CDE4AD /* Products */ = {
			isa = PBXGroup;
			children = (
				79CB7629258BA55200CDE4AD /* WordScramble.app */,
			);
			name = Products;
			sourceTree = "<group>";
		};
		79CB762B258BA55200CDE4AD /* WordScramble */ = {
			isa = PBXGroup;
			children = (
				79CB762C258BA55200CDE4AD /* WordScrambleApp.swift */,
				79CB762E258BA55200CDE4AD /* ContentView.swift */,
				79CB7630258BA55400CDE4AD /* Assets.xcassets */,
				79CB7635258BA55400CDE4AD /* Info.plist */,
				799D06C2258F7BAA00A0AEBD /* start.txt */,
				79CB7632258BA55400CDE4AD /* Preview Content */,
			);
			path = WordScramble;
			sourceTree = "<group>";
		};
		79CB7632258BA55400CDE4AD /* Preview Content */ = {
			isa = PBXGroup;
			children = (
				79CB7633258BA55400CDE4AD /* Preview Assets.xcassets */,
			);
			path = "Preview Content";
			sourceTree = "<group>";
		};
/* End PBXGroup section */

/* Begin PBXNativeTarget section */
		79CB7628258BA55200CDE4AD /* WordScramble */ = {
			isa = PBXNativeTarget;
			buildConfigurationList = 79CB7638258BA55400CDE4AD /* Build configuration list for PBXNativeTarget "WordScramble" */;
			buildPhases = (
				79CB7625258BA55200CDE4AD /* Sources */,
				79CB7626258BA55200CDE4AD /* Frameworks */,
				79CB7627258BA55200CDE4AD /* Resources */,
			);
			buildRules = (
			);
			dependencies = (
			);
			name = WordScramble;
			productName = WordScramble;
			productReference = 79CB7629258BA55200CDE4AD /* WordScramble.app */;
			productType = "com.apple.product-type.application";
		};
/* End PBXNativeTarget section */

/* Begin PBXProject section */
		79CB7621258BA55200CDE4AD /* Project object */ = {
			isa = PBXProject;
			attributes = {
				LastSwiftUpdateCheck = 1230;
				LastUpgradeCheck = 1230;
				TargetAttributes = {
					79CB7628258BA55200CDE4AD = {
						CreatedOnToolsVersion = 12.3;
					};
				};
			};
			buildConfigurationList = 79CB7624258BA55200CDE4AD /* Build configuration list for PBXProject "WordScramble" */;
			compatibilityVersion = "Xcode 9.3";
			developmentRegion = en;
			hasScannedForEncodings = 0;
			knownRegions = (
				en,
				Base,
			);
			mainGroup = 79CB7620258BA55200CDE4AD;
			productRefGroup = 79CB762A258BA55200CDE4AD /* Products */;
			projectDirPath = "";
			projectRoot = "";
			targets = (
				79CB7628258BA55200CDE4AD /* WordScramble */,
			);
		};
/* End PBXProject section */

/* Begin PBXResourcesBuildPhase section */
		79CB7627258BA55200CDE4AD /* Resources */ = {
			isa = PBXResourcesBuildPhase;
			buildActionMask = 2147483647;
			files = (
				79CB7634258BA55400CDE4AD /* Preview Assets.xcassets in Resources */,
				799D06C3258F7BAA00A0AEBD /* start.txt in Resources */,
				79CB7631258BA55400CDE4AD /* Assets.xcassets in Resources */,
			);
			runOnlyForDeploymentPostprocessing = 0;
		};
/* End PBXResourcesBuildPhase section */

/* Begin PBXSourcesBuildPhase section */
		79CB7625258BA55200CDE4AD /* Sources */ = {
			isa = PBXSourcesBuildPhase;
			buildActionMask = 2147483647;
			files = (
				79CB762F258BA55200CDE4AD /* ContentView.swift in Sources */,
				79CB762D258BA55200CDE4AD /* WordScrambleApp.swift in Sources */,
			);
			runOnlyForDeploymentPostprocessing = 0;
		};
/* End PBXSourcesBuildPhase section */

/* Begin XCBuildConfiguration section */
		79CB7636258BA55400CDE4AD /* Debug */ = {
			isa = XCBuildConfiguration;
			buildSettings = {
				ALWAYS_SEARCH_USER_PATHS = NO;
				CLANG_ANALYZER_NONNULL = YES;
				CLANG_ANALYZER_NUMBER_OBJECT_CONVERSION = YES_AGGRESSIVE;
				CLANG_CXX_LANGUAGE_STANDARD = "gnu++14";
				CLANG_CXX_LIBRARY = "libc++";
				CLANG_ENABLE_MODULES = YES;
				CLANG_ENABLE_OBJC_ARC = YES;
				CLANG_ENABLE_OBJC_WEAK = YES;
				CLANG_WARN_BLOCK_CAPTURE_AUTORELEASING = YES;
				CLANG_WARN_BOOL_CONVERSION = YES;
				CLANG_WARN_COMMA = YES;
				CLANG_WARN_CONSTANT_CONVERSION = YES;
				CLANG_WARN_DEPRECATED_OBJC_IMPLEMENTATIONS = YES;
				CLANG_WARN_DIRECT_OBJC_ISA_USAGE = YES_ERROR;
				CLANG_WARN_DOCUMENTATION_COMMENTS = YES;
				CLANG_WARN_EMPTY_BODY = YES;
				CLANG_WARN_ENUM_CONVERSION = YES;
				CLANG_WARN_INFINITE_RECURSION = YES;
				CLANG_WARN_INT_CONVERSION = YES;
				CLANG_WARN_NON_LITERAL_NULL_CONVERSION = YES;
				CLANG_WARN_OBJC_IMPLICIT_RETAIN_SELF = YES;
				CLANG_WARN_OBJC_LITERAL_CONVERSION = YES;
				CLANG_WARN_OBJC_ROOT_CLASS = YES_ERROR;
				CLANG_WARN_QUOTED_INCLUDE_IN_FRAMEWORK_HEADER = YES;
				CLANG_WARN_RANGE_LOOP_ANALYSIS = YES;
				CLANG_WARN_STRICT_PROTOTYPES = YES;
				CLANG_WARN_SUSPICIOUS_MOVE = YES;
				CLANG_WARN_UNGUARDED_AVAILABILITY = YES_AGGRESSIVE;
				CLANG_WARN_UNREACHABLE_CODE = YES;
				CLANG_WARN__DUPLICATE_METHOD_MATCH = YES;
				COPY_PHASE_STRIP = NO;
				DEBUG_INFORMATION_FORMAT = dwarf;
				ENABLE_STRICT_OBJC_MSGSEND = YES;
				ENABLE_TESTABILITY = YES;
				GCC_C_LANGUAGE_STANDARD = gnu11;
				GCC_DYNAMIC_NO_PIC = NO;
				GCC_NO_COMMON_BLOCKS = YES;
				GCC_OPTIMIZATION_LEVEL = 0;
				GCC_PREPROCESSOR_DEFINITIONS = (
					"DEBUG=1",
					"$(inherited)",
				);
				GCC_WARN_64_TO_32_BIT_CONVERSION = YES;
				GCC_WARN_ABOUT_RETURN_TYPE = YES_ERROR;
				GCC_WARN_UNDECLARED_SELECTOR = YES;
				GCC_WARN_UNINITIALIZED_AUTOS = YES_AGGRESSIVE;
				GCC_WARN_UNUSED_FUNCTION = YES;
				GCC_WARN_UNUSED_VARIABLE = YES;
				IPHONEOS_DEPLOYMENT_TARGET = 14.3;
				MTL_ENABLE_DEBUG_INFO = INCLUDE_SOURCE;
				MTL_FAST_MATH = YES;
				ONLY_ACTIVE_ARCH = YES;
				SDKROOT = iphoneos;
				SWIFT_ACTIVE_COMPILATION_CONDITIONS = DEBUG;
				SWIFT_OPTIMIZATION_LEVEL = "-Onone";
			};
			name = Debug;
		};
		79CB7637258BA55400CDE4AD /* Release */ = {
			isa = XCBuildConfiguration;
			buildSettings = {
				ALWAYS_SEARCH_USER_PATHS = NO;
				CLANG_ANALYZER_NONNULL = YES;
				CLANG_ANALYZER_NUMBER_OBJECT_CONVERSION = YES_AGGRESSIVE;
				CLANG_CXX_LANGUAGE_STANDARD = "gnu++14";
				CLANG_CXX_LIBRARY = "libc++";
				CLANG_ENABLE_MODULES = YES;
				CLANG_ENABLE_OBJC_ARC = YES;
				CLANG_ENABLE_OBJC_WEAK = YES;
				CLANG_WARN_BLOCK_CAPTURE_AUTORELEASING = YES;
				CLANG_WARN_BOOL_CONVERSION = YES;
				CLANG_WARN_COMMA = YES;
				CLANG_WARN_CONSTANT_CONVERSION = YES;
				CLANG_WARN_DEPRECATED_OBJC_IMPLEMENTATIONS = YES;
				CLANG_WARN_DIRECT_OBJC_ISA_USAGE = YES_ERROR;
				CLANG_WARN_DOCUMENTATION_COMMENTS = YES;
				CLANG_WARN_EMPTY_BODY = YES;
				CLANG_WARN_ENUM_CONVERSION = YES;
				CLANG_WARN_INFINITE_RECURSION = YES;
				CLANG_WARN_INT_CONVERSION = YES;
				CLANG_WARN_NON_LITERAL_NULL_CONVERSION = YES;
				CLANG_WARN_OBJC_IMPLICIT_RETAIN_SELF = YES;
				CLANG_WARN_OBJC_LITERAL_CONVERSION = YES;
				CLANG_WARN_OBJC_ROOT_CLASS = YES_ERROR;
				CLANG_WARN_QUOTED_INCLUDE_IN_FRAMEWORK_HEADER = YES;
				CLANG_WARN_RANGE_LOOP_ANALYSIS = YES;
				CLANG_WARN_STRICT_PROTOTYPES = YES;
				CLANG_WARN_SUSPICIOUS_MOVE = YES;
				CLANG_WARN_UNGUARDED_AVAILABILITY = YES_AGGRESSIVE;
				CLANG_WARN_UNREACHABLE_CODE = YES;
				CLANG_WARN__DUPLICATE_METHOD_MATCH = YES;
				COPY_PHASE_STRIP = NO;
				DEBUG_INFORMATION_FORMAT = "dwarf-with-dsym";
				ENABLE_NS_ASSERTIONS = NO;
				ENABLE_STRICT_OBJC_MSGSEND = YES;
				GCC_C_LANGUAGE_STANDARD = gnu11;
				GCC_NO_COMMON_BLOCKS = YES;
				GCC_WARN_64_TO_32_BIT_CONVERSION = YES;
				GCC_WARN_ABOUT_RETURN_TYPE = YES_ERROR;
				GCC_WARN_UNDECLARED_SELECTOR = YES;
				GCC_WARN_UNINITIALIZED_AUTOS = YES_AGGRESSIVE;
				GCC_WARN_UNUSED_FUNCTION = YES;
				GCC_WARN_UNUSED_VARIABLE = YES;
				IPHONEOS_DEPLOYMENT_TARGET = 14.3;
				MTL_ENABLE_DEBUG_INFO = NO;
				MTL_FAST_MATH = YES;
				SDKROOT = iphoneos;
				SWIFT_COMPILATION_MODE = wholemodule;
				SWIFT_OPTIMIZATION_LEVEL = "-O";
				VALIDATE_PRODUCT = YES;
			};
			name = Release;
		};
		79CB7639258BA55400CDE4AD /* Debug */ = {
			isa = XCBuildConfiguration;
			buildSettings = {
				ASSETCATALOG_COMPILER_APPICON_NAME = AppIcon;
				ASSETCATALOG_COMPILER_GLOBAL_ACCENT_COLOR_NAME = AccentColor;
				CODE_SIGN_STYLE = Automatic;
				DEVELOPMENT_ASSET_PATHS = "\"WordScramble/Preview Content\"";
				DEVELOPMENT_TEAM = 74GSD35M7H;
				ENABLE_PREVIEWS = YES;
				INFOPLIST_FILE = WordScramble/Info.plist;
				IPHONEOS_DEPLOYMENT_TARGET = 14.0;
				LD_RUNPATH_SEARCH_PATHS = (
					"$(inherited)",
					"@executable_path/Frameworks",
				);
				PRODUCT_BUNDLE_IDENTIFIER = com.direduryan.WordScramble;
				PRODUCT_NAME = "$(TARGET_NAME)";
				SWIFT_VERSION = 5.0;
				TARGETED_DEVICE_FAMILY = "1,2";
			};
			name = Debug;
		};
		79CB763A258BA55400CDE4AD /* Release */ = {
			isa = XCBuildConfiguration;
			buildSettings = {
				ASSETCATALOG_COMPILER_APPICON_NAME = AppIcon;
				ASSETCATALOG_COMPILER_GLOBAL_ACCENT_COLOR_NAME = AccentColor;
				CODE_SIGN_STYLE = Automatic;
				DEVELOPMENT_ASSET_PATHS = "\"WordScramble/Preview Content\"";
				DEVELOPMENT_TEAM = 74GSD35M7H;
				ENABLE_PREVIEWS = YES;
				INFOPLIST_FILE = WordScramble/Info.plist;
				IPHONEOS_DEPLOYMENT_TARGET = 14.0;
				LD_RUNPATH_SEARCH_PATHS = (
					"$(inherited)",
					"@executable_path/Frameworks",
				);
				PRODUCT_BUNDLE_IDENTIFIER = com.direduryan.WordScramble;
				PRODUCT_NAME = "$(TARGET_NAME)";
				SWIFT_VERSION = 5.0;
				TARGETED_DEVICE_FAMILY = "1,2";
			};
			name = Release;
		};
/* End XCBuildConfiguration section */

/* Begin XCConfigurationList section */
		79CB7624258BA55200CDE4AD /* Build configuration list for PBXProject "WordScramble" */ = {
			isa = XCConfigurationList;
			buildConfigurations = (
				79CB7636258BA55400CDE4AD /* Debug */,
				79CB7637258BA55400CDE4AD /* Release */,
			);
			defaultConfigurationIsVisible = 0;
			defaultConfigurationName = Release;
		};
		79CB7638258BA55400CDE4AD /* Build configuration list for PBXNativeTarget "WordScramble" */ = {
			isa = XCConfigurationList;
			buildConfigurations = (
				79CB7639258BA55400CDE4AD /* Debug */,
				79CB763A258BA55400CDE4AD /* Release */,
			);
			defaultConfigurationIsVisible = 0;
			defaultConfigurationName = Release;
		};
/* End XCConfigurationList section */
	};
	rootObject = 79CB7621258BA55200CDE4AD /* Project object */;
}
